
Microsoft Visual Studio Solution File, Format Version 12.00
# Visual Studio Version 17
VisualStudioVersion = 17.14.36811.4
MinimumVisualStudioVersion = 10.0.40219.1
Project("{2150E333-8FDC-42A3-9474-1A3956D46DE8}") = "src", "src", "{36D591C7-65C7-A0D1-1CBC-10CDE441BDC8}"
EndProject
Project("{2150E333-8FDC-42A3-9474-1A3956D46DE8}") = "Presentation", "Presentation", "{551887D1-8940-4404-BF69-4B25010F6D97}"
EndProject
Project("{FAE04EC0-301F-11D3-BF4B-00C04F79EFBC}") = "Proxirae.Presentation.WPF", "src\Presentation\Proxirae.Presentation.WPF\Proxirae.Presentation.WPF.csproj", "{262B5E11-196D-49DF-9294-70004845463F}"
EndProject
Project("{2150E333-8FDC-42A3-9474-1A3956D46DE8}") = "Application", "Application", "{534D1FFC-EB94-4DF8-A9C3-7F819F7B8561}"
EndProject
Project("{FAE04EC0-301F-11D3-BF4B-00C04F79EFBC}") = "Proxirae.Application", "src\Application\Proxirae.Application\Proxirae.Application.csproj", "{66D0944E-BC99-460F-A399-2762F50741E6}"
EndProject
Project("{2150E333-8FDC-42A3-9474-1A3956D46DE8}") = "Domain", "Domain", "{46CD655F-CFA8-49C0-9F9C-A9696D8D76A3}"
EndProject
Project("{FAE04EC0-301F-11D3-BF4B-00C04F79EFBC}") = "Proxirae.Domain", "src\Domain\Proxirae.Domain\Proxirae.Domain.csproj", "{203B0461-595F-49F7-9E2A-AAC0800A41D6}"
EndProject
Project("{2150E333-8FDC-42A3-9474-1A3956D46DE8}") = "Contracts", "Contracts", "{C77C2634-8C8E-4433-9B12-AB4895EA4936}"
EndProject
Project("{FAE04EC0-301F-11D3-BF4B-00C04F79EFBC}") = "Proxirae.Contracts", "src\Contracts\Proxirae.Contracts\Proxirae.Contracts.csproj", "{CD0582CF-4EB5-4594-8881-3FCB8E9FA211}"
EndProject
Project("{2150E333-8FDC-42A3-9474-1A3956D46DE8}") = "Infrastructure", "Infrastructure", "{3D1CA6E3-B2B8-4B1C-9E4A-58F88C19C554}"
EndProject
Project("{FAE04EC0-301F-11D3-BF4B-00C04F79EFBC}") = "Proxirae.Infrastructure", "src\Infrastructure\Proxirae.Infrastructure\Proxirae.Infrastructure.csproj", "{909ACF51-B1E6-4586-A4AF-52FD1750311D}"
EndProject
Project("{FAE04EC0-301F-11D3-BF4B-00C04F79EFBC}") = "Proxirae.Infrastructure.TransactionControl", "src\Infrastructure\Proxirae.Infrastructure.TransactionControl\Proxirae.Infrastructure.TransactionControl.csproj", "{8E592932-4F00-4FBB-9282-517C822135E3}"
EndProject
Global
	GlobalSection(SolutionConfigurationPlatforms) = preSolution
		Debug|Any CPU = Debug|Any CPU
		Release|Any CPU = Release|Any CPU
	EndGlobalSection
	GlobalSection(ProjectConfigurationPlatforms) = postSolution
		{262B5E11-196D-49DF-9294-70004845463F}.Debug|Any CPU.ActiveCfg = Debug|Any CPU
		{262B5E11-196D-49DF-9294-70004845463F}.Debug|Any CPU.Build.0 = Debug|Any CPU
		{262B5E11-196D-49DF-9294-70004845463F}.Release|Any CPU.ActiveCfg = Release|Any CPU
		{262B5E11-196D-49DF-9294-70004845463F}.Release|Any CPU.Build.0 = Release|Any CPU
		{66D0944E-BC99-460F-A399-2762F50741E6}.Debug|Any CPU.ActiveCfg = Debug|Any CPU
		{66D0944E-BC99-460F-A399-2762F50741E6}.Debug|Any CPU.Build.0 = Debug|Any CPU
		{66D0944E-BC99-460F-A399-2762F50741E6}.Release|Any CPU.ActiveCfg = Release|Any CPU
		{66D0944E-BC99-460F-A399-2762F50741E6}.Release|Any CPU.Build.0 = Release|Any CPU
		{203B0461-595F-49F7-9E2A-AAC0800A41D6}.Debug|Any CPU.ActiveCfg = Debug|Any CPU
		{203B0461-595F-49F7-9E2A-AAC0800A41D6}.Debug|Any CPU.Build.0 = Debug|Any CPU
		{203B0461-595F-49F7-9E2A-AAC0800A41D6}.Release|Any CPU.ActiveCfg = Release|Any CPU
		{203B0461-595F-49F7-9E2A-AAC0800A41D6}.Release|Any CPU.Build.0 = Release|Any CPU
		{CD0582CF-4EB5-4594-8881-3FCB8E9FA211}.Debug|Any CPU.ActiveCfg = Debug|Any CPU
		{CD0582CF-4EB5-4594-8881-3FCB8E9FA211}.Debug|Any CPU.Build.0 = Debug|Any CPU
		{CD0582CF-4EB5-4594-8881-3FCB8E9FA211}.Release|Any CPU.ActiveCfg = Release|Any CPU
		{CD0582CF-4EB5-4594-8881-3FCB8E9FA211}.Release|Any CPU.Build.0 = Release|Any CPU
		{909ACF51-B1E6-4586-A4AF-52FD1750311D}.Debug|Any CPU.ActiveCfg = Debug|Any CPU
		{909ACF51-B1E6-4586-A4AF-52FD1750311D}.Debug|Any CPU.Build.0 = Debug|Any CPU
		{909ACF51-B1E6-4586-A4AF-52FD1750311D}.Release|Any CPU.ActiveCfg = Release|Any CPU
		{909ACF51-B1E6-4586-A4AF-52FD1750311D}.Release|Any CPU.Build.0 = Release|Any CPU
		{8E592932-4F00-4FBB-9282-517C822135E3}.Debug|Any CPU.ActiveCfg = Debug|Any CPU
		{8E592932-4F00-4FBB-9282-517C822135E3}.Debug|Any CPU.Build.0 = Debug|Any CPU
		{8E592932-4F00-4FBB-9282-517C822135E3}.Release|Any CPU.ActiveCfg = Release|Any CPU
		{8E592932-4F00-4FBB-9282-517C822135E3}.Release|Any CPU.Build.0 = Release|Any CPU
	EndGlobalSection
	GlobalSection(SolutionProperties) = preSolution
		HideSolutionNode = FALSE
	EndGlobalSection
	GlobalSection(NestedProjects) = preSolution
		{551887D1-8940-4404-BF69-4B25010F6D97} = {36D591C7-65C7-A0D1-1CBC-10CDE441BDC8}
		{262B5E11-196D-49DF-9294-70004845463F} = {551887D1-8940-4404-BF69-4B25010F6D97}
		{534D1FFC-EB94-4DF8-A9C3-7F819F7B8561} = {36D591C7-65C7-A0D1-1CBC-10CDE441BDC8}
		{66D0944E-BC99-460F-A399-2762F50741E6} = {534D1FFC-EB94-4DF8-A9C3-7F819F7B8561}
		{46CD655F-CFA8-49C0-9F9C-A9696D8D76A3} = {36D591C7-65C7-A0D1-1CBC-10CDE441BDC8}
		{203B0461-595F-49F7-9E2A-AAC0800A41D6} = {46CD655F-CFA8-49C0-9F9C-A9696D8D76A3}
		{C77C2634-8C8E-4433-9B12-AB4895EA4936} = {36D591C7-65C7-A0D1-1CBC-10CDE441BDC8}
		{CD0582CF-4EB5-4594-8881-3FCB8E9FA211} = {C77C2634-8C8E-4433-9B12-AB4895EA4936}
		{3D1CA6E3-B2B8-4B1C-9E4A-58F88C19C554} = {36D591C7-65C7-A0D1-1CBC-10CDE441BDC8}
		{909ACF51-B1E6-4586-A4AF-52FD1750311D} = {3D1CA6E3-B2B8-4B1C-9E4A-58F88C19C554}
		{8E592932-4F00-4FBB-9282-517C822135E3} = {3D1CA6E3-B2B8-4B1C-9E4A-58F88C19C554}
	EndGlobalSection
	GlobalSection(ExtensibilityGlobals) = postSolution
		SolutionGuid = {29182559-08CA-4886-A816-23D97CA04E13}
	EndGlobalSection
EndGlobal
