<?xml version="1.0" encoding="utf-8"?>
<Project ToolsVersion="4.0" xmlns="http://schemas.microsoft.com/developer/msbuild/2003">
  <ItemGroup>
    <Filter Include="Исходные файлы">
      <UniqueIdentifier>{4FC737F1-C7A5-4376-A066-2A32D752A2FF}</UniqueIdentifier>
      <Extensions>cpp;c;cc;cxx;c++;cppm;ixx;def;odl;idl;hpj;bat;asm;asmx</Extensions>
    </Filter>
    <Filter Include="Файлы заголовков">
      <UniqueIdentifier>{93995380-89BD-4b04-88EB-625FBE52EBFB}</UniqueIdentifier>
      <Extensions>h;hh;hpp;hxx;h++;hm;inl;inc;ipp;xsd</Extensions>
    </Filter>
    <Filter Include="Файлы ресурсов">
      <UniqueIdentifier>{67DA6AB6-F800-4c08-8B7A-83BB121AAD01}</UniqueIdentifier>
      <Extensions>rc;ico;cur;bmp;dlg;rc2;rct;bin;rgs;gif;jpg;jpeg;jpe;resx;tiff;tif;png;wav;mfcribbon-ms</Extensions>
    </Filter>
  </ItemGroup>
  <ItemGroup>
    <ClCompile Include="src\main.cpp">
      <Filter>Исходные файлы</Filter>
    </ClCompile>
    <ClCompile Include="include\persistence\ThreeTuple.h">
      <Filter>Файлы заголовков</Filter>
    </ClCompile>
    <ClCompile Include="src\application\Engine.cpp">
      <Filter>Исходные файлы</Filter>
    </ClCompile>
    <ClCompile Include="src\persistence\ConnectionTable.cpp">
      <Filter>Исходные файлы</Filter>
    </ClCompile>
    <ClCompile Include="src\application\Daemon.cpp">
      <Filter>Исходные файлы</Filter>
    </ClCompile>
    <ClCompile Include="src\diagnostics\ConsoleLogger.cpp">
      <Filter>Исходные файлы</Filter>
    </ClCompile>
    <ClCompile Include="src\diagnostics\ILogger.cpp">
      <Filter>Исходные файлы</Filter>
    </ClCompile>
    <ClCompile Include="src\packet\win\WinPacketContext.cpp">
      <Filter>Исходные файлы</Filter>
    </ClCompile>
    <ClCompile Include="src\packet\Endpoint.cpp">
      <Filter>Исходные файлы</Filter>
    </ClCompile>
    <ClCompile Include="src\proxy\Socks5Proxy.cpp">
      <Filter>Исходные файлы</Filter>
    </ClCompile>
    <ClCompile Include="src\packet\TcpHandler.cpp">
      <Filter>Исходные файлы</Filter>
    </ClCompile>
    <ClCompile Include="src\packet\win\PacketWinDiverter.cpp">
      <Filter>Исходные файлы</Filter>
    </ClCompile>
    <ClCompile Include="src\packet\PacketDispatcher.cpp">
      <Filter>Исходные файлы</Filter>
    </ClCompile>
    <ClCompile Include="src\transport\TcpSession.cpp">
      <Filter>Исходные файлы</Filter>
    </ClCompile>
    <ClCompile Include="src\transport\TcpListener.cpp">
      <Filter>Исходные файлы</Filter>
    </ClCompile>
    <ClCompile Include="src\io\win\IocpContext.cpp">
      <Filter>Исходные файлы</Filter>
    </ClCompile>
    <ClCompile Include="src\io\win\IocpDriver.cpp">
      <Filter>Исходные файлы</Filter>
    </ClCompile>
    <ClCompile Include="src\contracts\rule\RuleContract.cpp">
      <Filter>Исходные файлы</Filter>
    </ClCompile>
    <ClCompile Include="src\persistence\ThreeTupleHash.cpp">
      <Filter>Исходные файлы</Filter>
    </ClCompile>
    <ClCompile Include="src\packet\PacketRouter.cpp">
      <Filter>Исходные файлы</Filter>
    </ClCompile>
    <ClCompile Include="src\persistence\FiveTupleHash.cpp">
      <Filter>Исходные файлы</Filter>
    </ClCompile>
    <ClCompile Include="src\persistence\AssociationTable.cpp">
      <Filter>Исходные файлы</Filter>
    </ClCompile>
    <ClCompile Include="src\packet\win\WinTcpCorrelator.cpp">
      <Filter>Исходные файлы</Filter>
    </ClCompile>
    <ClCompile Include="src\process\CachedProcessResolver.cpp">
      <Filter>Исходные файлы</Filter>
    </ClCompile>
    <ClCompile Include="src\process\win\WinProcessResolver.cpp">
      <Filter>Исходные файлы</Filter>
    </ClCompile>
    <ClCompile Include="src\platform\sock.cpp">
      <Filter>Исходные файлы</Filter>
    </ClCompile>
    <ClCompile Include="src\utils\StringUtils.cpp">
      <Filter>Исходные файлы</Filter>
    </ClCompile>
    <ClCompile Include="src\packet\ProcessCriteria.cpp">
      <Filter>Исходные файлы</Filter>
    </ClCompile>
    <ClCompile Include="src\packet\PortCriteria.cpp">
      <Filter>Исходные файлы</Filter>
    </ClCompile>
    <ClCompile Include="src\packet\HostCriteria.cpp">
      <Filter>Исходные файлы</Filter>
    </ClCompile>
    <ClCompile Include="src\packet\RuleEvaluator.cpp">
      <Filter>Исходные файлы</Filter>
    </ClCompile>
    <ClCompile Include="src\proxy\ProxyFactory.cpp">
      <Filter>Исходные файлы</Filter>
    </ClCompile>
    <ClCompile Include="src\persistence\ConfigurationStore.cpp">
      <Filter>Исходные файлы</Filter>
    </ClCompile>
  </ItemGroup>
  <ItemGroup>
    <None Include="setup.bat">
      <Filter>Файлы ресурсов</Filter>
    </None>
    <None Include="unzip.vbs">
      <Filter>Файлы ресурсов</Filter>
    </None>
  </ItemGroup>
  <ItemGroup>
    <ClInclude Include="include\packet\win\WinPacketContext.h">
      <Filter>Файлы заголовков</Filter>
    </ClInclude>
    <ClInclude Include="include\persistence\ConnectionEntry.h">
      <Filter>Файлы заголовков</Filter>
    </ClInclude>
    <ClInclude Include="include\persistence\ThreeTupleHash.h">
      <Filter>Файлы заголовков</Filter>
    </ClInclude>
    <ClInclude Include="include\persistence\ConnectionState.h">
      <Filter>Файлы заголовков</Filter>
    </ClInclude>
    <ClInclude Include="include\persistence\ConnectionTable.h">
      <Filter>Файлы заголовков</Filter>
    </ClInclude>
    <ClInclude Include="include\application\Daemon.h">
      <Filter>Файлы заголовков</Filter>
    </ClInclude>
    <ClInclude Include="include\diagnostics\ILogger.h">
      <Filter>Файлы заголовков</Filter>
    </ClInclude>
    <ClInclude Include="include\diagnostics\LogLevel.h">
      <Filter>Файлы заголовков</Filter>
    </ClInclude>
    <ClInclude Include="include\diagnostics\ConsoleLogger.h">
      <Filter>Файлы заголовков</Filter>
    </ClInclude>
    <ClInclude Include="include\packet\Endpoint.h">
      <Filter>Файлы заголовков</Filter>
    </ClInclude>
    <ClInclude Include="include\proxy\IProxy.h">
      <Filter>Файлы заголовков</Filter>
    </ClInclude>
    <ClInclude Include="include\proxy\Socks5Proxy.h">
      <Filter>Файлы заголовков</Filter>
    </ClInclude>
    <ClInclude Include="include\application\Engine.h">
      <Filter>Файлы заголовков</Filter>
    </ClInclude>
    <ClInclude Include="include\packet\IPacketHandler.h">
      <Filter>Файлы заголовков</Filter>
    </ClInclude>
    <ClInclude Include="include\packet\win\PacketWinDiverter.h">
      <Filter>Файлы заголовков</Filter>
    </ClInclude>
    <ClInclude Include="include\packet\TcpHandler.h">
      <Filter>Файлы заголовков</Filter>
    </ClInclude>
    <ClInclude Include="include\packet\PacketDispatcher.h">
      <Filter>Файлы заголовков</Filter>
    </ClInclude>
    <ClInclude Include="include\transport\TcpSession.h">
      <Filter>Файлы заголовков</Filter>
    </ClInclude>
    <ClInclude Include="include\transport\TcpListener.h">
      <Filter>Файлы заголовков</Filter>
    </ClInclude>
    <ClInclude Include="include\io\IIoDriver.h">
      <Filter>Файлы заголовков</Filter>
    </ClInclude>
    <ClInclude Include="include\io\IoResult.h">
      <Filter>Файлы заголовков</Filter>
    </ClInclude>
    <ClInclude Include="include\io\win\IoOperation.h">
      <Filter>Файлы заголовков</Filter>
    </ClInclude>
    <ClInclude Include="include\io\win\IocpContext.h">
      <Filter>Файлы заголовков</Filter>
    </ClInclude>
    <ClInclude Include="include\io\IoCallback.h">
      <Filter>Файлы заголовков</Filter>
    </ClInclude>
    <ClInclude Include="include\io\win\IocpDriver.h">
      <Filter>Файлы заголовков</Filter>
    </ClInclude>
    <ClInclude Include="include\platform\inet.h">
      <Filter>Файлы заголовков</Filter>
    </ClInclude>
    <ClInclude Include="include\packet\IPacketContext.h">
      <Filter>Файлы заголовков</Filter>
    </ClInclude>
    <ClInclude Include="include\packet\IPacketDiverter.h">
      <Filter>Файлы заголовков</Filter>
    </ClInclude>
    <ClInclude Include="include\platform\sock_types.h">
      <Filter>Файлы заголовков</Filter>
    </ClInclude>
    <ClInclude Include="include\platform\sock.h">
      <Filter>Файлы заголовков</Filter>
    </ClInclude>
    <ClInclude Include="include\contracts\proxy\ProxyContract.h">
      <Filter>Файлы заголовков</Filter>
    </ClInclude>
    <ClInclude Include="include\contracts\proxy\ProxyType.h">
      <Filter>Файлы заголовков</Filter>
    </ClInclude>
    <ClInclude Include="include\contracts\rule\RuleContract.h">
      <Filter>Файлы заголовков</Filter>
    </ClInclude>
    <ClInclude Include="include\contracts\rule\RuleProtocol.h">
      <Filter>Файлы заголовков</Filter>
    </ClInclude>
    <ClInclude Include="include\contracts\rule\RuleAction.h">
      <Filter>Файлы заголовков</Filter>
    </ClInclude>
    <ClInclude Include="include\contracts\rule\RuleActionContract.h">
      <Filter>Файлы заголовков</Filter>
    </ClInclude>
    <ClInclude Include="include\packet\PacketRouter.h">
      <Filter>Файлы заголовков</Filter>
    </ClInclude>
    <ClInclude Include="include\persistence\FiveTuple.h">
      <Filter>Файлы заголовков</Filter>
    </ClInclude>
    <ClInclude Include="include\persistence\FiveTupleHash.h">
      <Filter>Файлы заголовков</Filter>
    </ClInclude>
    <ClInclude Include="include\persistence\AssociationEntry.h">
      <Filter>Файлы заголовков</Filter>
    </ClInclude>
    <ClInclude Include="include\persistence\AssociationTable.h">
      <Filter>Файлы заголовков</Filter>
    </ClInclude>
    <ClInclude Include="include\packet\win\WinTcpCorrelator.h">
      <Filter>Файлы заголовков</Filter>
    </ClInclude>
    <ClInclude Include="include\packet\PacketMetadata.h">
      <Filter>Файлы заголовков</Filter>
    </ClInclude>
    <ClInclude Include="include\packet\Packet.h">
      <Filter>Файлы заголовков</Filter>
    </ClInclude>
    <ClInclude Include="include\process\IProcessResolver.h">
      <Filter>Файлы заголовков</Filter>
    </ClInclude>
    <ClInclude Include="include\process\ProcessInfo.h">
      <Filter>Файлы заголовков</Filter>
    </ClInclude>
    <ClInclude Include="include\process\CachedProcessResolver.h">
      <Filter>Файлы заголовков</Filter>
    </ClInclude>
    <ClInclude Include="include\process\win\WinProcessResolver.h">
      <Filter>Файлы заголовков</Filter>
    </ClInclude>
    <ClInclude Include="include\process\IProcessMonitor.h">
      <Filter>Файлы заголовков</Filter>
    </ClInclude>
    <ClInclude Include="include\packet\RuleEvaluator.h">
      <Filter>Файлы заголовков</Filter>
    </ClInclude>
    <ClInclude Include="include\packet\ProcessCriteria.h">
      <Filter>Файлы заголовков</Filter>
    </ClInclude>
    <ClInclude Include="include\packet\PortCriteria.h">
      <Filter>Файлы заголовков</Filter>
    </ClInclude>
    <ClInclude Include="include\packet\HostCriteria.h">
      <Filter>Файлы заголовков</Filter>
    </ClInclude>
    <ClInclude Include="include\utils\StringUtils.h">
      <Filter>Файлы заголовков</Filter>
    </ClInclude>
    <ClInclude Include="include\packet\PacketDispatchContext.h">
      <Filter>Файлы заголовков</Filter>
    </ClInclude>
    <ClInclude Include="include\proxy\IProxyFactory.h">
      <Filter>Файлы заголовков</Filter>
    </ClInclude>
    <ClInclude Include="include\proxy\ProxyFactory.h">
      <Filter>Файлы заголовков</Filter>
    </ClInclude>
    <ClInclude Include="include\persistence\Configuration.h">
      <Filter>Файлы заголовков</Filter>
    </ClInclude>
    <ClInclude Include="include\persistence\ConfigurationStore.h">
      <Filter>Файлы заголовков</Filter>
    </ClInclude>
  </ItemGroup>
</Project>